{
    "_readme": [
        "This file locks the dependencies of your project to a known state",
        "Read more about it at https://getcomposer.org/doc/01-basic-usage.md#installing-dependencies",
        "This file is @generated automatically"
    ],
    "content-hash": "1c5b9163c96e9c954ba3f73eddfc0030",
    "packages": [
        {
            "name": "william-costa/dot-env",
            "version": "v0.1.0",
            "source": {
                "type": "git",
                "url": "https://github.com/william-costa/dot-env.git",
                "reference": "e5eb9b0384b57f2812215fab0e3853c16a4b368e"
            },
            "dist": {
                "type": "zip",
                "url": "https://api.github.com/repos/william-costa/dot-env/zipball/e5eb9b0384b57f2812215fab0e3853c16a4b368e",
                "reference": "e5eb9b0384b57f2812215fab0e3853c16a4b368e",
                "shasum": ""
            },
            "require": {
                "php": ">=7.0"
            },
            "type": "library",
            "autoload": {
                "psr-4": {
                    "WilliamCosta\\DotEnv\\": "src/"
                }
            },
            "notification-url": "https://packagist.org/downloads/",
            "license": [
                "GPL-3.0-or-later"
            ],
            "authors": [
                {
                    "name": "William Costa",
                    "email": "canalwdev@gmail.com"
                }
            ],
            "description": "A simple library for managing environment variables in PHP.",
            "support": {
                "issues": "https://github.com/william-costa/dot-env/issues",
                "source": "https://github.com/william-costa/dot-env/tree/v0.1.0"
            },
            "time": "2021-03-19T19:28:14+00:00"
        }
    ],
    "packages-dev": [],
    "aliases": [],
    "minimum-stability": "stable",
    "stability-flags": [],
    "prefer-stable": false,
    "prefer-lowest": false,
    "platform": [],
    "platform-dev": [],
    "plugin-api-version": "2.1.0"
}
